// !$*UTF8*$!
{
	archiveVersion = 1;
	classes = {
	};
	objectVersion = 52;
	objects = {

/* Begin PBXBuildFile section */
		4B091D092398D76800C8EF15 /* MainTabBarController.swift in Sources */ = {isa = PBXBuildFile; fileRef = 4B091D082398D76800C8EF15 /* MainTabBarController.swift */; };
		4B091D0B2398D9D100C8EF15 /* UserProfileController.swift in Sources */ = {isa = PBXBuildFile; fileRef = 4B091D0A2398D9D100C8EF15 /* UserProfileController.swift */; };
		4B091D0E239A0B8200C8EF15 /* UserProfileHeader.swift in Sources */ = {isa = PBXBuildFile; fileRef = 4B091D0D239A0B8200C8EF15 /* UserProfileHeader.swift */; };
		4B091D11239A25AC00C8EF15 /* LoginController.swift in Sources */ = {isa = PBXBuildFile; fileRef = 4B091D10239A25AC00C8EF15 /* LoginController.swift */; };
		4B099B9E23A2A2460066F5B3 /* Comment.swift in Sources */ = {isa = PBXBuildFile; fileRef = 4B099B9D23A2A2460066F5B3 /* Comment.swift */; };
		4B099BA123A425260066F5B3 /* GoogleService-Info.plist in Resources */ = {isa = PBXBuildFile; fileRef = 4B099BA023A425260066F5B3 /* GoogleService-Info.plist */; };
		4B33B6A7239B05DA009CB15B /* HomeController.swift in Sources */ = {isa = PBXBuildFile; fileRef = 4B33B6A6239B05DA009CB15B /* HomeController.swift */; };
		4B33B6A9239B0790009CB15B /* SearchController.swift in Sources */ = {isa = PBXBuildFile; fileRef = 4B33B6A8239B0790009CB15B /* SearchController.swift */; };
		4B33B6AC239B10C3009CB15B /* PhotoSelectorController.swift in Sources */ = {isa = PBXBuildFile; fileRef = 4B33B6AB239B10C3009CB15B /* PhotoSelectorController.swift */; };
		4B33B6AE239BEC9E009CB15B /* SharePhotoController.swift in Sources */ = {isa = PBXBuildFile; fileRef = 4B33B6AD239BEC9E009CB15B /* SharePhotoController.swift */; };
		4B33B6B1239C425C009CB15B /* Post.swift in Sources */ = {isa = PBXBuildFile; fileRef = 4B33B6B0239C425C009CB15B /* Post.swift */; };
		4B33B6B3239C5E76009CB15B /* CustomImageView.swift in Sources */ = {isa = PBXBuildFile; fileRef = 4B33B6B2239C5E76009CB15B /* CustomImageView.swift */; };
		4B4FF1CE239E1079008B123B /* User.swift in Sources */ = {isa = PBXBuildFile; fileRef = 4B4FF1CD239E1079008B123B /* User.swift */; };
		4B4FF1D0239E286A008B123B /* FirebaseUtils.swift in Sources */ = {isa = PBXBuildFile; fileRef = 4B4FF1CF239E286A008B123B /* FirebaseUtils.swift */; };
		4B54A76723A01883001CAE53 /* CameraController.swift in Sources */ = {isa = PBXBuildFile; fileRef = 4B54A76623A01883001CAE53 /* CameraController.swift */; };
		4B54A76923A03BBF001CAE53 /* PreviewPhotoContainerView.swift in Sources */ = {isa = PBXBuildFile; fileRef = 4B54A76823A03BBE001CAE53 /* PreviewPhotoContainerView.swift */; };
		4B54A76B23A0B936001CAE53 /* CustomAnimationPresentor.swift in Sources */ = {isa = PBXBuildFile; fileRef = 4B54A76A23A0B936001CAE53 /* CustomAnimationPresentor.swift */; };
		4B54A76D23A1A1E0001CAE53 /* CustomAnimationDismisser.swift in Sources */ = {isa = PBXBuildFile; fileRef = 4B54A76C23A1A1E0001CAE53 /* CustomAnimationDismisser.swift */; };
		4B54A76F23A1B6F5001CAE53 /* CommentsController.swift in Sources */ = {isa = PBXBuildFile; fileRef = 4B54A76E23A1B6F5001CAE53 /* CommentsController.swift */; };
		4B56FA4F23BE864E0027C7F2 /* MapViewController.swift in Sources */ = {isa = PBXBuildFile; fileRef = 4B56FA4E23BE864E0027C7F2 /* MapViewController.swift */; };
		4B56FA5123BE8F9E0027C7F2 /* LocationFetcher.swift in Sources */ = {isa = PBXBuildFile; fileRef = 4B56FA5023BE8F9E0027C7F2 /* LocationFetcher.swift */; };
		4B70B94E23ACA15E00292149 /* CommentInputAccessoryView.swift in Sources */ = {isa = PBXBuildFile; fileRef = 4B70B94D23ACA15E00292149 /* CommentInputAccessoryView.swift */; };
		4B70B95023AD20BE00292149 /* CommentInputTextView.swift in Sources */ = {isa = PBXBuildFile; fileRef = 4B70B94F23AD20BE00292149 /* CommentInputTextView.swift */; };
		4B70B95223AD572A00292149 /* HomePostCell.swift in Sources */ = {isa = PBXBuildFile; fileRef = 4B70B95123AD572A00292149 /* HomePostCell.swift */; };
		4B70B95623AD7F4B00292149 /* LikeController.swift in Sources */ = {isa = PBXBuildFile; fileRef = 4B70B95523AD7F4B00292149 /* LikeController.swift */; };
		4BF17B0D23B016F000E2D5D5 /* SendController.swift in Sources */ = {isa = PBXBuildFile; fileRef = 4BF17B0C23B016F000E2D5D5 /* SendController.swift */; };
		4BFF21CA23983C7800FAE15A /* AppDelegate.swift in Sources */ = {isa = PBXBuildFile; fileRef = 4BFF21C923983C7800FAE15A /* AppDelegate.swift */; };
		4BFF21CC23983C7800FAE15A /* SceneDelegate.swift in Sources */ = {isa = PBXBuildFile; fileRef = 4BFF21CB23983C7800FAE15A /* SceneDelegate.swift */; };
		4BFF21D023983C7900FAE15A /* Assets.xcassets in Resources */ = {isa = PBXBuildFile; fileRef = 4BFF21CF23983C7900FAE15A /* Assets.xcassets */; };
		4BFF21D323983C7900FAE15A /* Preview Assets.xcassets in Resources */ = {isa = PBXBuildFile; fileRef = 4BFF21D223983C7900FAE15A /* Preview Assets.xcassets */; };
		4BFF21D623983C7900FAE15A /* LaunchScreen.storyboard in Resources */ = {isa = PBXBuildFile; fileRef = 4BFF21D423983C7900FAE15A /* LaunchScreen.storyboard */; };
		4BFF21DE23983CD600FAE15A /* SignUpController.swift in Sources */ = {isa = PBXBuildFile; fileRef = 4BFF21DD23983CD600FAE15A /* SignUpController.swift */; };
		4BFF21E123983E7B00FAE15A /* LBTATools in Frameworks */ = {isa = PBXBuildFile; productRef = 4BFF21E023983E7B00FAE15A /* LBTATools */; };
		4BFF21E4239856D600FAE15A /* Extensions.swift in Sources */ = {isa = PBXBuildFile; fileRef = 4BFF21E3239856D600FAE15A /* Extensions.swift */; };
		5A3B96226833D3B1E99B795F /* Pods_InstagramFirebase.framework in Frameworks */ = {isa = PBXBuildFile; fileRef = C49BFADA80C45B60269F058E /* Pods_InstagramFirebase.framework */; };
/* End PBXBuildFile section */

/* Begin PBXFileReference section */
		0BFCFEC7CA84C09C45899559 /* Pods-InstagramFirebase.release.xcconfig */ = {isa = PBXFileReference; includeInIndex = 1; lastKnownFileType = text.xcconfig; name = "Pods-InstagramFirebase.release.xcconfig"; path = "Target Support Files/Pods-InstagramFirebase/Pods-InstagramFirebase.release.xcconfig"; sourceTree = "<group>"; };
		4B091D082398D76800C8EF15 /* MainTabBarController.swift */ = {isa = PBXFileReference; lastKnownFileType = sourcecode.swift; path = MainTabBarController.swift; sourceTree = "<group>"; };
		4B091D0A2398D9D100C8EF15 /* UserProfileController.swift */ = {isa = PBXFileReference; lastKnownFileType = sourcecode.swift; path = UserProfileController.swift; sourceTree = "<group>"; };
		4B091D0D239A0B8200C8EF15 /* UserProfileHeader.swift */ = {isa = PBXFileReference; lastKnownFileType = sourcecode.swift; path = UserProfileHeader.swift; sourceTree = "<group>"; };
		4B091D10239A25AC00C8EF15 /* LoginController.swift */ = {isa = PBXFileReference; lastKnownFileType = sourcecode.swift; path = LoginController.swift; sourceTree = "<group>"; };
		4B099B9D23A2A2460066F5B3 /* Comment.swift */ = {isa = PBXFileReference; lastKnownFileType = sourcecode.swift; path = Comment.swift; sourceTree = "<group>"; };
		4B099B9F23A416BE0066F5B3 /* InstagramFirebase.entitlements */ = {isa = PBXFileReference; lastKnownFileType = text.plist.entitlements; path = InstagramFirebase.entitlements; sourceTree = "<group>"; };
		4B099BA023A425260066F5B3 /* GoogleService-Info.plist */ = {isa = PBXFileReference; fileEncoding = 4; lastKnownFileType = text.plist.xml; path = "GoogleService-Info.plist"; sourceTree = "<group>"; };
		4B33B6A6239B05DA009CB15B /* HomeController.swift */ = {isa = PBXFileReference; lastKnownFileType = sourcecode.swift; path = HomeController.swift; sourceTree = "<group>"; };
		4B33B6A8239B0790009CB15B /* SearchController.swift */ = {isa = PBXFileReference; lastKnownFileType = sourcecode.swift; path = SearchController.swift; sourceTree = "<group>"; };
		4B33B6AB239B10C3009CB15B /* PhotoSelectorController.swift */ = {isa = PBXFileReference; lastKnownFileType = sourcecode.swift; path = PhotoSelectorController.swift; sourceTree = "<group>"; };
		4B33B6AD239BEC9E009CB15B /* SharePhotoController.swift */ = {isa = PBXFileReference; lastKnownFileType = sourcecode.swift; path = SharePhotoController.swift; sourceTree = "<group>"; };
		4B33B6B0239C425C009CB15B /* Post.swift */ = {isa = PBXFileReference; lastKnownFileType = sourcecode.swift; path = Post.swift; sourceTree = "<group>"; };
		4B33B6B2239C5E76009CB15B /* CustomImageView.swift */ = {isa = PBXFileReference; lastKnownFileType = sourcecode.swift; path = CustomImageView.swift; sourceTree = "<group>"; };
		4B4FF1CD239E1079008B123B /* User.swift */ = {isa = PBXFileReference; lastKnownFileType = sourcecode.swift; path = User.swift; sourceTree = "<group>"; };
		4B4FF1CF239E286A008B123B /* FirebaseUtils.swift */ = {isa = PBXFileReference; lastKnownFileType = sourcecode.swift; path = FirebaseUtils.swift; sourceTree = "<group>"; };
		4B54A76623A01883001CAE53 /* CameraController.swift */ = {isa = PBXFileReference; lastKnownFileType = sourcecode.swift; path = CameraController.swift; sourceTree = "<group>"; };
		4B54A76823A03BBE001CAE53 /* PreviewPhotoContainerView.swift */ = {isa = PBXFileReference; lastKnownFileType = sourcecode.swift; path = PreviewPhotoContainerView.swift; sourceTree = "<group>"; };
		4B54A76A23A0B936001CAE53 /* CustomAnimationPresentor.swift */ = {isa = PBXFileReference; lastKnownFileType = sourcecode.swift; path = CustomAnimationPresentor.swift; sourceTree = "<group>"; };
		4B54A76C23A1A1E0001CAE53 /* CustomAnimationDismisser.swift */ = {isa = PBXFileReference; lastKnownFileType = sourcecode.swift; path = CustomAnimationDismisser.swift; sourceTree = "<group>"; };
		4B54A76E23A1B6F5001CAE53 /* CommentsController.swift */ = {isa = PBXFileReference; lastKnownFileType = sourcecode.swift; path = CommentsController.swift; sourceTree = "<group>"; };
		4B56FA4E23BE864E0027C7F2 /* MapViewController.swift */ = {isa = PBXFileReference; lastKnownFileType = sourcecode.swift; path = MapViewController.swift; sourceTree = "<group>"; };
		4B56FA5023BE8F9E0027C7F2 /* LocationFetcher.swift */ = {isa = PBXFileReference; lastKnownFileType = sourcecode.swift; path = LocationFetcher.swift; sourceTree = "<group>"; };
		4B70B94D23ACA15E00292149 /* CommentInputAccessoryView.swift */ = {isa = PBXFileReference; lastKnownFileType = sourcecode.swift; path = CommentInputAccessoryView.swift; sourceTree = "<group>"; };
		4B70B94F23AD20BE00292149 /* CommentInputTextView.swift */ = {isa = PBXFileReference; lastKnownFileType = sourcecode.swift; path = CommentInputTextView.swift; sourceTree = "<group>"; };
		4B70B95123AD572A00292149 /* HomePostCell.swift */ = {isa = PBXFileReference; lastKnownFileType = sourcecode.swift; path = HomePostCell.swift; sourceTree = "<group>"; };
		4B70B95523AD7F4B00292149 /* LikeController.swift */ = {isa = PBXFileReference; lastKnownFileType = sourcecode.swift; path = LikeController.swift; sourceTree = "<group>"; };
		4BD69AD623BF01660024F264 /* MapKit.framework */ = {isa = PBXFileReference; lastKnownFileType = wrapper.framework; name = MapKit.framework; path = System/Library/Frameworks/MapKit.framework; sourceTree = SDKROOT; };
		4BF17B0C23B016F000E2D5D5 /* SendController.swift */ = {isa = PBXFileReference; lastKnownFileType = sourcecode.swift; path = SendController.swift; sourceTree = "<group>"; };
		4BFF21C623983C7800FAE15A /* InstagramFirebase.app */ = {isa = PBXFileReference; explicitFileType = wrapper.application; includeInIndex = 0; path = InstagramFirebase.app; sourceTree = BUILT_PRODUCTS_DIR; };
		4BFF21C923983C7800FAE15A /* AppDelegate.swift */ = {isa = PBXFileReference; lastKnownFileType = sourcecode.swift; path = AppDelegate.swift; sourceTree = "<group>"; };
		4BFF21CB23983C7800FAE15A /* SceneDelegate.swift */ = {isa = PBXFileReference; lastKnownFileType = sourcecode.swift; path = SceneDelegate.swift; sourceTree = "<group>"; };
		4BFF21CF23983C7900FAE15A /* Assets.xcassets */ = {isa = PBXFileReference; lastKnownFileType = folder.assetcatalog; path = Assets.xcassets; sourceTree = "<group>"; };
		4BFF21D223983C7900FAE15A /* Preview Assets.xcassets */ = {isa = PBXFileReference; lastKnownFileType = folder.assetcatalog; path = "Preview Assets.xcassets"; sourceTree = "<group>"; };
		4BFF21D523983C7900FAE15A /* Base */ = {isa = PBXFileReference; lastKnownFileType = file.storyboard; name = Base; path = Base.lproj/LaunchScreen.storyboard; sourceTree = "<group>"; };
		4BFF21D723983C7900FAE15A /* Info.plist */ = {isa = PBXFileReference; lastKnownFileType = text.plist.xml; path = Info.plist; sourceTree = "<group>"; };
		4BFF21DD23983CD600FAE15A /* SignUpController.swift */ = {isa = PBXFileReference; lastKnownFileType = sourcecode.swift; path = SignUpController.swift; sourceTree = "<group>"; };
		4BFF21E3239856D600FAE15A /* Extensions.swift */ = {isa = PBXFileReference; lastKnownFileType = sourcecode.swift; path = Extensions.swift; sourceTree = "<group>"; };
		673080357F87233BF904D678 /* Pods-InstagramFirebase.debug.xcconfig */ = {isa = PBXFileReference; includeInIndex = 1; lastKnownFileType = text.xcconfig; name = "Pods-InstagramFirebase.debug.xcconfig"; path = "Target Support Files/Pods-InstagramFirebase/Pods-InstagramFirebase.debug.xcconfig"; sourceTree = "<group>"; };
		C49BFADA80C45B60269F058E /* Pods_InstagramFirebase.framework */ = {isa = PBXFileReference; explicitFileType = wrapper.framework; includeInIndex = 0; path = Pods_InstagramFirebase.framework; sourceTree = BUILT_PRODUCTS_DIR; };
/* End PBXFileReference section */

/* Begin PBXFrameworksBuildPhase section */
		4BFF21C323983C7800FAE15A /* Frameworks */ = {
			isa = PBXFrameworksBuildPhase;
			buildActionMask = 2147483647;
			files = (
				4BFF21E123983E7B00FAE15A /* LBTATools in Frameworks */,
				5A3B96226833D3B1E99B795F /* Pods_InstagramFirebase.framework in Frameworks */,
			);
			runOnlyForDeploymentPostprocessing = 0;
		};
/* End PBXFrameworksBuildPhase section */

/* Begin PBXGroup section */
		31B52799D096190B38054D11 /* Frameworks */ = {
			isa = PBXGroup;
			children = (
				4BD69AD623BF01660024F264 /* MapKit.framework */,
				C49BFADA80C45B60269F058E /* Pods_InstagramFirebase.framework */,
			);
			name = Frameworks;
			sourceTree = "<group>";
		};
		4B091D0C23996DF700C8EF15 /* UserProfile */ = {
			isa = PBXGroup;
			children = (
				4B091D0A2398D9D100C8EF15 /* UserProfileController.swift */,
				4B091D0D239A0B8200C8EF15 /* UserProfileHeader.swift */,
			);
			path = UserProfile;
			sourceTree = "<group>";
		};
		4B091D0F239A257D00C8EF15 /* Login */ = {
			isa = PBXGroup;
			children = (
				4BFF21DD23983CD600FAE15A /* SignUpController.swift */,
				4B091D10239A25AC00C8EF15 /* LoginController.swift */,
			);
			path = Login;
			sourceTree = "<group>";
		};
		4B33B6AA239B10A7009CB15B /* AddPhoto */ = {
			isa = PBXGroup;
			children = (
				4B33B6AB239B10C3009CB15B /* PhotoSelectorController.swift */,
				4B33B6AD239BEC9E009CB15B /* SharePhotoController.swift */,
			);
			path = AddPhoto;
			sourceTree = "<group>";
		};
		4B33B6AF239C4246009CB15B /* Model */ = {
			isa = PBXGroup;
			children = (
				4B33B6B0239C425C009CB15B /* Post.swift */,
				4B4FF1CD239E1079008B123B /* User.swift */,
				4B099B9D23A2A2460066F5B3 /* Comment.swift */,
			);
			path = Model;
			sourceTree = "<group>";
		};
		4B33B6B4239CACFE009CB15B /* Home */ = {
			isa = PBXGroup;
			children = (
				4B33B6A6239B05DA009CB15B /* HomeController.swift */,
				4B70B95123AD572A00292149 /* HomePostCell.swift */,
				4B54A76E23A1B6F5001CAE53 /* CommentsController.swift */,
				4B70B94D23ACA15E00292149 /* CommentInputAccessoryView.swift */,
				4B70B94F23AD20BE00292149 /* CommentInputTextView.swift */,
			);
			path = Home;
			sourceTree = "<group>";
		};
		4B4FF1D1239EA366008B123B /* Search */ = {
			isa = PBXGroup;
			children = (
				4B33B6A8239B0790009CB15B /* SearchController.swift */,
			);
			path = Search;
			sourceTree = "<group>";
		};
		4B54A76523A0186E001CAE53 /* Camera */ = {
			isa = PBXGroup;
			children = (
				4B54A76623A01883001CAE53 /* CameraController.swift */,
				4B54A76823A03BBE001CAE53 /* PreviewPhotoContainerView.swift */,
				4B54A76A23A0B936001CAE53 /* CustomAnimationPresentor.swift */,
				4B54A76C23A1A1E0001CAE53 /* CustomAnimationDismisser.swift */,
			);
			path = Camera;
			sourceTree = "<group>";
		};
		4B56FA4D23BE86190027C7F2 /* Map */ = {
			isa = PBXGroup;
			children = (
				4B56FA4E23BE864E0027C7F2 /* MapViewController.swift */,
			);
			path = Map;
			sourceTree = "<group>";
		};
		4B70B95423AD7E2500292149 /* Like */ = {
			isa = PBXGroup;
			children = (
				4B70B95523AD7F4B00292149 /* LikeController.swift */,
			);
			path = Like;
			sourceTree = "<group>";
		};
		4BF17B0B23B016DD00E2D5D5 /* Send */ = {
			isa = PBXGroup;
			children = (
				4BF17B0C23B016F000E2D5D5 /* SendController.swift */,
			);
			name = Send;
			path = ..;
			sourceTree = "<group>";
		};
		4BFF21BD23983C7800FAE15A = {
			isa = PBXGroup;
			children = (
				4BFF21C823983C7800FAE15A /* InstagramFirebase */,
				4BFF21C723983C7800FAE15A /* Products */,
				67D15E7EF2880C06F48C4EB2 /* Pods */,
				31B52799D096190B38054D11 /* Frameworks */,
			);
			sourceTree = "<group>";
		};
		4BFF21C723983C7800FAE15A /* Products */ = {
			isa = PBXGroup;
			children = (
				4BFF21C623983C7800FAE15A /* InstagramFirebase.app */,
			);
			name = Products;
			sourceTree = "<group>";
		};
		4BFF21C823983C7800FAE15A /* InstagramFirebase */ = {
			isa = PBXGroup;
			children = (
				4B099B9F23A416BE0066F5B3 /* InstagramFirebase.entitlements */,
				4BFF21E2239856B900FAE15A /* Utils */,
				4BFF21C923983C7800FAE15A /* AppDelegate.swift */,
				4BFF21CB23983C7800FAE15A /* SceneDelegate.swift */,
				4B091D082398D76800C8EF15 /* MainTabBarController.swift */,
				4B54A76523A0186E001CAE53 /* Camera */,
				4B56FA4D23BE86190027C7F2 /* Map */,
				4B33B6B4239CACFE009CB15B /* Home */,
				4BF17B0B23B016DD00E2D5D5 /* Send */,
				4B4FF1D1239EA366008B123B /* Search */,
				4B70B95423AD7E2500292149 /* Like */,
				4B33B6AF239C4246009CB15B /* Model */,
				4B33B6AA239B10A7009CB15B /* AddPhoto */,
				4B091D0F239A257D00C8EF15 /* Login */,
				4B091D0C23996DF700C8EF15 /* UserProfile */,
				4BFF21CF23983C7900FAE15A /* Assets.xcassets */,
				4BFF21D423983C7900FAE15A /* LaunchScreen.storyboard */,
				4BFF21D723983C7900FAE15A /* Info.plist */,
				4B099BA023A425260066F5B3 /* GoogleService-Info.plist */,
				4BFF21D123983C7900FAE15A /* Preview Content */,
			);
			path = InstagramFirebase;
			sourceTree = "<group>";
		};
		4BFF21D123983C7900FAE15A /* Preview Content */ = {
			isa = PBXGroup;
			children = (
				4BFF21D223983C7900FAE15A /* Preview Assets.xcassets */,
			);
			path = "Preview Content";
			sourceTree = "<group>";
		};
		4BFF21E2239856B900FAE15A /* Utils */ = {
			isa = PBXGroup;
			children = (
				4BFF21E3239856D600FAE15A /* Extensions.swift */,
				4B33B6B2239C5E76009CB15B /* CustomImageView.swift */,
				4B4FF1CF239E286A008B123B /* FirebaseUtils.swift */,
				4B56FA5023BE8F9E0027C7F2 /* LocationFetcher.swift */,
			);
			path = Utils;
			sourceTree = "<group>";
		};
		67D15E7EF2880C06F48C4EB2 /* Pods */ = {
			isa = PBXGroup;
			children = (
				673080357F87233BF904D678 /* Pods-InstagramFirebase.debug.xcconfig */,
				0BFCFEC7CA84C09C45899559 /* Pods-InstagramFirebase.release.xcconfig */,
			);
			path = Pods;
			sourceTree = "<group>";
		};
/* End PBXGroup section */

/* Begin PBXNativeTarget section */
		4BFF21C523983C7800FAE15A /* InstagramFirebase */ = {
			isa = PBXNativeTarget;
			buildConfigurationList = 4BFF21DA23983C7900FAE15A /* Build configuration list for PBXNativeTarget "InstagramFirebase" */;
			buildPhases = (
				96BC5D53E8505663639490F8 /* [CP] Check Pods Manifest.lock */,
				4BFF21C223983C7800FAE15A /* Sources */,
				4BFF21C323983C7800FAE15A /* Frameworks */,
				4BFF21C423983C7800FAE15A /* Resources */,
				11BD9BB018567F4CB8EC6E52 /* [CP] Embed Pods Frameworks */,
			);
			buildRules = (
			);
			dependencies = (
			);
			name = InstagramFirebase;
			packageProductDependencies = (
				4BFF21E023983E7B00FAE15A /* LBTATools */,
			);
			productName = InstagramFirebase;
			productReference = 4BFF21C623983C7800FAE15A /* InstagramFirebase.app */;
			productType = "com.apple.product-type.application";
		};
/* End PBXNativeTarget section */

/* Begin PBXProject section */
		4BFF21BE23983C7800FAE15A /* Project object */ = {
			isa = PBXProject;
			attributes = {
				LastSwiftUpdateCheck = 1120;
				LastUpgradeCheck = 1120;
				ORGANIZATIONNAME = "Thai Nguyen";
				TargetAttributes = {
					4BFF21C523983C7800FAE15A = {
						CreatedOnToolsVersion = 11.2.1;
					};
				};
			};
			buildConfigurationList = 4BFF21C123983C7800FAE15A /* Build configuration list for PBXProject "InstagramFirebase" */;
			compatibilityVersion = "Xcode 9.3";
			developmentRegion = en;
			hasScannedForEncodings = 0;
			knownRegions = (
				en,
				Base,
			);
			mainGroup = 4BFF21BD23983C7800FAE15A;
			packageReferences = (
				4BFF21DF23983E7B00FAE15A /* XCRemoteSwiftPackageReference "LBTATools" */,
			);
			productRefGroup = 4BFF21C723983C7800FAE15A /* Products */;
			projectDirPath = "";
			projectRoot = "";
			targets = (
				4BFF21C523983C7800FAE15A /* InstagramFirebase */,
			);
		};
/* End PBXProject section */

/* Begin PBXResourcesBuildPhase section */
		4BFF21C423983C7800FAE15A /* Resources */ = {
			isa = PBXResourcesBuildPhase;
			buildActionMask = 2147483647;
			files = (
				4BFF21D623983C7900FAE15A /* LaunchScreen.storyboard in Resources */,
				4BFF21D323983C7900FAE15A /* Preview Assets.xcassets in Resources */,
				4BFF21D023983C7900FAE15A /* Assets.xcassets in Resources */,
				4B099BA123A425260066F5B3 /* GoogleService-Info.plist in Resources */,
			);
			runOnlyForDeploymentPostprocessing = 0;
		};
/* End PBXResourcesBuildPhase section */

/* Begin PBXShellScriptBuildPhase section */
		11BD9BB018567F4CB8EC6E52 /* [CP] Embed Pods Frameworks */ = {
			isa = PBXShellScriptBuildPhase;
			buildActionMask = 2147483647;
			files = (
			);
			inputFileListPaths = (
				"${PODS_ROOT}/Target Support Files/Pods-InstagramFirebase/Pods-InstagramFirebase-frameworks-${CONFIGURATION}-input-files.xcfilelist",
			);
			name = "[CP] Embed Pods Frameworks";
			outputFileListPaths = (
				"${PODS_ROOT}/Target Support Files/Pods-InstagramFirebase/Pods-InstagramFirebase-frameworks-${CONFIGURATION}-output-files.xcfilelist",
			);
			runOnlyForDeploymentPostprocessing = 0;
			shellPath = /bin/sh;
			shellScript = "\"${PODS_ROOT}/Target Support Files/Pods-InstagramFirebase/Pods-InstagramFirebase-frameworks.sh\"\n";
			showEnvVarsInLog = 0;
		};
		96BC5D53E8505663639490F8 /* [CP] Check Pods Manifest.lock */ = {
			isa = PBXShellScriptBuildPhase;
			buildActionMask = 2147483647;
			files = (
			);
			inputFileListPaths = (
			);
			inputPaths = (
				"${PODS_PODFILE_DIR_PATH}/Podfile.lock",
				"${PODS_ROOT}/Manifest.lock",
			);
			name = "[CP] Check Pods Manifest.lock";
			outputFileListPaths = (
			);
			outputPaths = (
				"$(DERIVED_FILE_DIR)/Pods-InstagramFirebase-checkManifestLockResult.txt",
			);
			runOnlyForDeploymentPostprocessing = 0;
			shellPath = /bin/sh;
			shellScript = "diff \"${PODS_PODFILE_DIR_PATH}/Podfile.lock\" \"${PODS_ROOT}/Manifest.lock\" > /dev/null\nif [ $? != 0 ] ; then\n    # print error to STDERR\n    echo \"error: The sandbox is not in sync with the Podfile.lock. Run 'pod install' or update your CocoaPods installation.\" >&2\n    exit 1\nfi\n# This output is used by Xcode 'outputs' to avoid re-running this script phase.\necho \"SUCCESS\" > \"${SCRIPT_OUTPUT_FILE_0}\"\n";
			showEnvVarsInLog = 0;
		};
/* End PBXShellScriptBuildPhase section */

/* Begin PBXSourcesBuildPhase section */
		4BFF21C223983C7800FAE15A /* Sources */ = {
			isa = PBXSourcesBuildPhase;
			buildActionMask = 2147483647;
			files = (
				4B70B95023AD20BE00292149 /* CommentInputTextView.swift in Sources */,
				4B54A76D23A1A1E0001CAE53 /* CustomAnimationDismisser.swift in Sources */,
				4B099B9E23A2A2460066F5B3 /* Comment.swift in Sources */,
				4B54A76F23A1B6F5001CAE53 /* CommentsController.swift in Sources */,
				4B54A76723A01883001CAE53 /* CameraController.swift in Sources */,
				4B70B94E23ACA15E00292149 /* CommentInputAccessoryView.swift in Sources */,
				4BFF21E4239856D600FAE15A /* Extensions.swift in Sources */,
				4B54A76B23A0B936001CAE53 /* CustomAnimationPresentor.swift in Sources */,
				4BFF21CA23983C7800FAE15A /* AppDelegate.swift in Sources */,
				4B091D092398D76800C8EF15 /* MainTabBarController.swift in Sources */,
				4B33B6AC239B10C3009CB15B /* PhotoSelectorController.swift in Sources */,
				4B4FF1CE239E1079008B123B /* User.swift in Sources */,
				4B4FF1D0239E286A008B123B /* FirebaseUtils.swift in Sources */,
				4B33B6B3239C5E76009CB15B /* CustomImageView.swift in Sources */,
				4B091D0E239A0B8200C8EF15 /* UserProfileHeader.swift in Sources */,
				4B33B6B1239C425C009CB15B /* Post.swift in Sources */,
				4B33B6A7239B05DA009CB15B /* HomeController.swift in Sources */,
				4BF17B0D23B016F000E2D5D5 /* SendController.swift in Sources */,
				4B091D11239A25AC00C8EF15 /* LoginController.swift in Sources */,
				4BFF21CC23983C7800FAE15A /* SceneDelegate.swift in Sources */,
				4B56FA5123BE8F9E0027C7F2 /* LocationFetcher.swift in Sources */,
				4B70B95623AD7F4B00292149 /* LikeController.swift in Sources */,
				4B33B6AE239BEC9E009CB15B /* SharePhotoController.swift in Sources */,
				4B54A76923A03BBF001CAE53 /* PreviewPhotoContainerView.swift in Sources */,
				4B091D0B2398D9D100C8EF15 /* UserProfileController.swift in Sources */,
				4B70B95223AD572A00292149 /* HomePostCell.swift in Sources */,
				4B33B6A9239B0790009CB15B /* SearchController.swift in Sources */,
				4BFF21DE23983CD600FAE15A /* SignUpController.swift in Sources */,
				4B56FA4F23BE864E0027C7F2 /* MapViewController.swift in Sources */,
			);
			runOnlyForDeploymentPostprocessing = 0;
		};
/* End PBXSourcesBuildPhase section */

/* Begin PBXVariantGroup section */
		4BFF21D423983C7900FAE15A /* LaunchScreen.storyboard */ = {
			isa = PBXVariantGroup;
			children = (
				4BFF21D523983C7900FAE15A /* Base */,
			);
			name = LaunchScreen.storyboard;
			sourceTree = "<group>";
		};
/* End PBXVariantGroup section */

/* Begin XCBuildConfiguration section */
		4BFF21D823983C7900FAE15A /* Debug */ = {
			isa = XCBuildConfiguration;
			buildSettings = {
				ALWAYS_SEARCH_USER_PATHS = NO;
				CLANG_ANALYZER_NONNULL = YES;
				CLANG_ANALYZER_NUMBER_OBJECT_CONVERSION = YES_AGGRESSIVE;
				CLANG_CXX_LANGUAGE_STANDARD = "gnu++14";
				CLANG_CXX_LIBRARY = "libc++";
				CLANG_ENABLE_MODULES = YES;
				CLANG_ENABLE_OBJC_ARC = YES;
				CLANG_ENABLE_OBJC_WEAK = YES;
				CLANG_WARN_BLOCK_CAPTURE_AUTORELEASING = YES;
				CLANG_WARN_BOOL_CONVERSION = YES;
				CLANG_WARN_COMMA = YES;
				CLANG_WARN_CONSTANT_CONVERSION = YES;
				CLANG_WARN_DEPRECATED_OBJC_IMPLEMENTATIONS = YES;
				CLANG_WARN_DIRECT_OBJC_ISA_USAGE = YES_ERROR;
				CLANG_WARN_DOCUMENTATION_COMMENTS = YES;
				CLANG_WARN_EMPTY_BODY = YES;
				CLANG_WARN_ENUM_CONVERSION = YES;
				CLANG_WARN_INFINITE_RECURSION = YES;
				CLANG_WARN_INT_CONVERSION = YES;
				CLANG_WARN_NON_LITERAL_NULL_CONVERSION = YES;
				CLANG_WARN_OBJC_IMPLICIT_RETAIN_SELF = YES;
				CLANG_WARN_OBJC_LITERAL_CONVERSION = YES;
				CLANG_WARN_OBJC_ROOT_CLASS = YES_ERROR;
				CLANG_WARN_RANGE_LOOP_ANALYSIS = YES;
				CLANG_WARN_STRICT_PROTOTYPES = YES;
				CLANG_WARN_SUSPICIOUS_MOVE = YES;
				CLANG_WARN_UNGUARDED_AVAILABILITY = YES_AGGRESSIVE;
				CLANG_WARN_UNREACHABLE_CODE = YES;
				CLANG_WARN__DUPLICATE_METHOD_MATCH = YES;
				COPY_PHASE_STRIP = NO;
				DEBUG_INFORMATION_FORMAT = dwarf;
				ENABLE_STRICT_OBJC_MSGSEND = YES;
				ENABLE_TESTABILITY = YES;
				GCC_C_LANGUAGE_STANDARD = gnu11;
				GCC_DYNAMIC_NO_PIC = NO;
				GCC_NO_COMMON_BLOCKS = YES;
				GCC_OPTIMIZATION_LEVEL = 0;
				GCC_PREPROCESSOR_DEFINITIONS = (
					"DEBUG=1",
					"$(inherited)",
				);
				GCC_WARN_64_TO_32_BIT_CONVERSION = YES;
				GCC_WARN_ABOUT_RETURN_TYPE = YES_ERROR;
				GCC_WARN_UNDECLARED_SELECTOR = YES;
				GCC_WARN_UNINITIALIZED_AUTOS = YES_AGGRESSIVE;
				GCC_WARN_UNUSED_FUNCTION = YES;
				GCC_WARN_UNUSED_VARIABLE = YES;
				IPHONEOS_DEPLOYMENT_TARGET = 12.0;
				MTL_ENABLE_DEBUG_INFO = INCLUDE_SOURCE;
				MTL_FAST_MATH = YES;
				ONLY_ACTIVE_ARCH = YES;
				SDKROOT = iphoneos;
				SWIFT_ACTIVE_COMPILATION_CONDITIONS = DEBUG;
				SWIFT_OPTIMIZATION_LEVEL = "-Onone";
			};
			name = Debug;
		};
		4BFF21D923983C7900FAE15A /* Release */ = {
			isa = XCBuildConfiguration;
			buildSettings = {
				ALWAYS_SEARCH_USER_PATHS = NO;
				CLANG_ANALYZER_NONNULL = YES;
				CLANG_ANALYZER_NUMBER_OBJECT_CONVERSION = YES_AGGRESSIVE;
				CLANG_CXX_LANGUAGE_STANDARD = "gnu++14";
				CLANG_CXX_LIBRARY = "libc++";
				CLANG_ENABLE_MODULES = YES;
				CLANG_ENABLE_OBJC_ARC = YES;
				CLANG_ENABLE_OBJC_WEAK = YES;
				CLANG_WARN_BLOCK_CAPTURE_AUTORELEASING = YES;
				CLANG_WARN_BOOL_CONVERSION = YES;
				CLANG_WARN_COMMA = YES;
				CLANG_WARN_CONSTANT_CONVERSION = YES;
				CLANG_WARN_DEPRECATED_OBJC_IMPLEMENTATIONS = YES;
				CLANG_WARN_DIRECT_OBJC_ISA_USAGE = YES_ERROR;
				CLANG_WARN_DOCUMENTATION_COMMENTS = YES;
				CLANG_WARN_EMPTY_BODY = YES;
				CLANG_WARN_ENUM_CONVERSION = YES;
				CLANG_WARN_INFINITE_RECURSION = YES;
				CLANG_WARN_INT_CONVERSION = YES;
				CLANG_WARN_NON_LITERAL_NULL_CONVERSION = YES;
				CLANG_WARN_OBJC_IMPLICIT_RETAIN_SELF = YES;
				CLANG_WARN_OBJC_LITERAL_CONVERSION = YES;
				CLANG_WARN_OBJC_ROOT_CLASS = YES_ERROR;
				CLANG_WARN_RANGE_LOOP_ANALYSIS = YES;
				CLANG_WARN_STRICT_PROTOTYPES = YES;
				CLANG_WARN_SUSPICIOUS_MOVE = YES;
				CLANG_WARN_UNGUARDED_AVAILABILITY = YES_AGGRESSIVE;
				CLANG_WARN_UNREACHABLE_CODE = YES;
				CLANG_WARN__DUPLICATE_METHOD_MATCH = YES;
				COPY_PHASE_STRIP = NO;
				DEBUG_INFORMATION_FORMAT = "dwarf-with-dsym";
				ENABLE_NS_ASSERTIONS = NO;
				ENABLE_STRICT_OBJC_MSGSEND = YES;
				GCC_C_LANGUAGE_STANDARD = gnu11;
				GCC_NO_COMMON_BLOCKS = YES;
				GCC_WARN_64_TO_32_BIT_CONVERSION = YES;
				GCC_WARN_ABOUT_RETURN_TYPE = YES_ERROR;
				GCC_WARN_UNDECLARED_SELECTOR = YES;
				GCC_WARN_UNINITIALIZED_AUTOS = YES_AGGRESSIVE;
				GCC_WARN_UNUSED_FUNCTION = YES;
				GCC_WARN_UNUSED_VARIABLE = YES;
				IPHONEOS_DEPLOYMENT_TARGET = 12.0;
				MTL_ENABLE_DEBUG_INFO = NO;
				MTL_FAST_MATH = YES;
				SDKROOT = iphoneos;
				SWIFT_COMPILATION_MODE = wholemodule;
				SWIFT_OPTIMIZATION_LEVEL = "-O";
				VALIDATE_PRODUCT = YES;
			};
			name = Release;
		};
		4BFF21DB23983C7900FAE15A /* Debug */ = {
			isa = XCBuildConfiguration;
			baseConfigurationReference = 673080357F87233BF904D678 /* Pods-InstagramFirebase.debug.xcconfig */;
			buildSettings = {
				ASSETCATALOG_COMPILER_APPICON_NAME = AppIcon;
				CODE_SIGN_ENTITLEMENTS = InstagramFirebase/InstagramFirebase.entitlements;
				CODE_SIGN_STYLE = Automatic;
				CURRENT_PROJECT_VERSION = 2;
				DEVELOPMENT_ASSET_PATHS = "\"InstagramFirebase/Preview Content\"";
				DEVELOPMENT_TEAM = DQMC8A8D24;
				ENABLE_PREVIEWS = YES;
				INFOPLIST_FILE = InstagramFirebase/Info.plist;
				IPHONEOS_DEPLOYMENT_TARGET = 12.0;
				LD_RUNPATH_SEARCH_PATHS = (
					"$(inherited)",
					"@executable_path/Frameworks",
				);
				PRODUCT_BUNDLE_IDENTIFIER = com.thainguyen.InstagramFirebaseApp;
				PRODUCT_NAME = "$(TARGET_NAME)";
				SWIFT_VERSION = 5.0;
				TARGETED_DEVICE_FAMILY = 1;
			};
			name = Debug;
		};
		4BFF21DC23983C7900FAE15A /* Release */ = {
			isa = XCBuildConfiguration;
			baseConfigurationReference = 0BFCFEC7CA84C09C45899559 /* Pods-InstagramFirebase.release.xcconfig */;
			buildSettings = {
				ASSETCATALOG_COMPILER_APPICON_NAME = AppIcon;
				CODE_SIGN_ENTITLEMENTS = InstagramFirebase/InstagramFirebase.entitlements;
				CODE_SIGN_STYLE = Automatic;
				CURRENT_PROJECT_VERSION = 2;
				DEVELOPMENT_ASSET_PATHS = "\"InstagramFirebase/Preview Content\"";
				DEVELOPMENT_TEAM = DQMC8A8D24;
				ENABLE_PREVIEWS = YES;
				INFOPLIST_FILE = InstagramFirebase/Info.plist;
				IPHONEOS_DEPLOYMENT_TARGET = 12.0;
				LD_RUNPATH_SEARCH_PATHS = (
					"$(inherited)",
					"@executable_path/Frameworks",
				);
				PRODUCT_BUNDLE_IDENTIFIER = com.thainguyen.InstagramFirebaseApp;
				PRODUCT_NAME = "$(TARGET_NAME)";
				SWIFT_VERSION = 5.0;
				TARGETED_DEVICE_FAMILY = 1;
			};
			name = Release;
		};
/* End XCBuildConfiguration section */

/* Begin XCConfigurationList section */
		4BFF21C123983C7800FAE15A /* Build configuration list for PBXProject "InstagramFirebase" */ = {
			isa = XCConfigurationList;
			buildConfigurations = (
				4BFF21D823983C7900FAE15A /* Debug */,
				4BFF21D923983C7900FAE15A /* Release */,
			);
			defaultConfigurationIsVisible = 0;
			defaultConfigurationName = Release;
		};
		4BFF21DA23983C7900FAE15A /* Build configuration list for PBXNativeTarget "InstagramFirebase" */ = {
			isa = XCConfigurationList;
			buildConfigurations = (
				4BFF21DB23983C7900FAE15A /* Debug */,
				4BFF21DC23983C7900FAE15A /* Release */,
			);
			defaultConfigurationIsVisible = 0;
			defaultConfigurationName = Release;
		};
/* End XCConfigurationList section */

/* Begin XCRemoteSwiftPackageReference section */
		4BFF21DF23983E7B00FAE15A /* XCRemoteSwiftPackageReference "LBTATools" */ = {
			isa = XCRemoteSwiftPackageReference;
			repositoryURL = "https://github.com/bhlvoong/LBTATools";
			requirement = {
				kind = upToNextMajorVersion;
				minimumVersion = 1.0.16;
			};
		};
/* End XCRemoteSwiftPackageReference section */

/* Begin XCSwiftPackageProductDependency section */
		4BFF21E023983E7B00FAE15A /* LBTATools */ = {
			isa = XCSwiftPackageProductDependency;
			package = 4BFF21DF23983E7B00FAE15A /* XCRemoteSwiftPackageReference "LBTATools" */;
			productName = LBTATools;
		};
/* End XCSwiftPackageProductDependency section */
	};
	rootObject = 4BFF21BE23983C7800FAE15A /* Project object */;
}
